
Microsoft Visual Studio Solution File, Format Version 12.00
# Visual Studio Version 16
VisualStudioVersion = 25.0.1703.5
MinimumVisualStudioVersion = 10.0.40219.1
Project("{FAE04EC0-301F-11D3-BF4B-00C04F79EFBC}") = "Homework6", "Homework6\Homework6.csproj", "{055FA823-3F37-4786-98E6-E1E8DAB9C925}"
EndProject
Global
	GlobalSection(SolutionConfigurationPlatforms) = preSolution
		Debug|Any CPU = Debug|Any CPU
		Release|Any CPU = Release|Any CPU
	EndGlobalSection
	GlobalSection(ProjectConfigurationPlatforms) = postSolution
		{055FA823-3F37-4786-98E6-E1E8DAB9C925}.Debug|Any CPU.ActiveCfg = Debug|Any CPU
		{055FA823-3F37-4786-98E6-E1E8DAB9C925}.Debug|Any CPU.Build.0 = Debug|Any CPU
		{055FA823-3F37-4786-98E6-E1E8DAB9C925}.Release|Any CPU.ActiveCfg = Release|Any CPU
		{055FA823-3F37-4786-98E6-E1E8DAB9C925}.Release|Any CPU.Build.0 = Release|Any CPU
	EndGlobalSection
	GlobalSection(SolutionProperties) = preSolution
		HideSolutionNode = FALSE
	EndGlobalSection
	GlobalSection(ExtensibilityGlobals) = postSolution
		SolutionGuid = {7E9A3503-4BE5-47BB-81C6-617BA9525F67}
	EndGlobalSection
EndGlobal
